// !$*UTF8*$!
{
	archiveVersion = 1;
	classes = {
	};
	objectVersion = 46;
	objects = {

/* Begin PBXBuildFile section */
		2221987C14C8D470009B764F /* RAFloatSignal.h in Headers */ = {isa = PBXBuildFile; fileRef = 2221987A14C8D470009B764F /* RAFloatSignal.h */; };
		2221987D14C8D470009B764F /* RAFloatSignal.m in Sources */ = {isa = PBXBuildFile; fileRef = 2221987B14C8D470009B764F /* RAFloatSignal.m */; };
		2221988114C8D504009B764F /* RAIntSignal.h in Headers */ = {isa = PBXBuildFile; fileRef = 2221987F14C8D504009B764F /* RAIntSignal.h */; };
		2221988214C8D504009B764F /* RAIntSignal.m in Sources */ = {isa = PBXBuildFile; fileRef = 2221988014C8D504009B764F /* RAIntSignal.m */; };
		2221988514C8D516009B764F /* RABoolSignal.h in Headers */ = {isa = PBXBuildFile; fileRef = 2221988314C8D516009B764F /* RABoolSignal.h */; };
		2221988614C8D516009B764F /* RABoolSignal.m in Sources */ = {isa = PBXBuildFile; fileRef = 2221988414C8D516009B764F /* RABoolSignal.m */; };
		CB09043A14D778B8000CD3FB /* RABoolReactor.h in Headers */ = {isa = PBXBuildFile; fileRef = CB09042314D778B8000CD3FB /* RABoolReactor.h */; };
		CB09043B14D778B8000CD3FB /* RABoolReactor.m in Sources */ = {isa = PBXBuildFile; fileRef = CB09042414D778B8000CD3FB /* RABoolReactor.m */; };
		CB09043C14D778B8000CD3FB /* RABoolReactor+Protected.h in Headers */ = {isa = PBXBuildFile; fileRef = CB09042514D778B8000CD3FB /* RABoolReactor+Protected.h */; };
		CB09043D14D778B8000CD3FB /* RABoolValue.h in Headers */ = {isa = PBXBuildFile; fileRef = CB09042614D778B8000CD3FB /* RABoolValue.h */; };
		CB09043E14D778B8000CD3FB /* RABoolValue.m in Sources */ = {isa = PBXBuildFile; fileRef = CB09042714D778B8000CD3FB /* RABoolValue.m */; };
		CB09043F14D778B8000CD3FB /* RADoubleReactor.h in Headers */ = {isa = PBXBuildFile; fileRef = CB09042814D778B8000CD3FB /* RADoubleReactor.h */; };
		CB09044014D778B8000CD3FB /* RADoubleReactor.m in Sources */ = {isa = PBXBuildFile; fileRef = CB09042914D778B8000CD3FB /* RADoubleReactor.m */; };
		CB09044114D778B8000CD3FB /* RADoubleReactor+Protected.h in Headers */ = {isa = PBXBuildFile; fileRef = CB09042A14D778B8000CD3FB /* RADoubleReactor+Protected.h */; };
		CB09044214D778B8000CD3FB /* RADoubleValue.h in Headers */ = {isa = PBXBuildFile; fileRef = CB09042B14D778B8000CD3FB /* RADoubleValue.h */; };
		CB09044314D778B8000CD3FB /* RADoubleValue.m in Sources */ = {isa = PBXBuildFile; fileRef = CB09042C14D778B8000CD3FB /* RADoubleValue.m */; };
		CB09044414D778B8000CD3FB /* RAFloatReactor.h in Headers */ = {isa = PBXBuildFile; fileRef = CB09042D14D778B8000CD3FB /* RAFloatReactor.h */; };
		CB09044514D778B8000CD3FB /* RAFloatReactor.m in Sources */ = {isa = PBXBuildFile; fileRef = CB09042E14D778B8000CD3FB /* RAFloatReactor.m */; };
		CB09044614D778B8000CD3FB /* RAFloatReactor+Protected.h in Headers */ = {isa = PBXBuildFile; fileRef = CB09042F14D778B8000CD3FB /* RAFloatReactor+Protected.h */; };
		CB09044714D778B8000CD3FB /* RAFloatValue.h in Headers */ = {isa = PBXBuildFile; fileRef = CB09043014D778B8000CD3FB /* RAFloatValue.h */; };
		CB09044814D778B8000CD3FB /* RAFloatValue.m in Sources */ = {isa = PBXBuildFile; fileRef = CB09043114D778B8000CD3FB /* RAFloatValue.m */; };
		CB09044914D778B8000CD3FB /* RAObjectReactor.h in Headers */ = {isa = PBXBuildFile; fileRef = CB09043214D778B8000CD3FB /* RAObjectReactor.h */; };
		CB09044A14D778B8000CD3FB /* RAObjectReactor.m in Sources */ = {isa = PBXBuildFile; fileRef = CB09043314D778B8000CD3FB /* RAObjectReactor.m */; };
		CB09044B14D778B8000CD3FB /* RAObjectReactor+Protected.h in Headers */ = {isa = PBXBuildFile; fileRef = CB09043414D778B8000CD3FB /* RAObjectReactor+Protected.h */; };
		CB09044C14D778B8000CD3FB /* RAObjectSignal.h in Headers */ = {isa = PBXBuildFile; fileRef = CB09043514D778B8000CD3FB /* RAObjectSignal.h */; };
		CB09044D14D778B8000CD3FB /* RAObjectSignal.m in Sources */ = {isa = PBXBuildFile; fileRef = CB09043614D778B8000CD3FB /* RAObjectSignal.m */; };
		CB09044E14D778B8000CD3FB /* RAObjectValue.h in Headers */ = {isa = PBXBuildFile; fileRef = CB09043714D778B8000CD3FB /* RAObjectValue.h */; };
		CB09044F14D778B8000CD3FB /* RAObjectValue.m in Sources */ = {isa = PBXBuildFile; fileRef = CB09043814D778B8000CD3FB /* RAObjectValue.m */; };
		CB09045014D778B8000CD3FB /* RAValue.h in Headers */ = {isa = PBXBuildFile; fileRef = CB09043914D778B8000CD3FB /* RAValue.h */; };
		CB09045514D7792F000CD3FB /* RAReactor.h in Headers */ = {isa = PBXBuildFile; fileRef = CB09045214D7792F000CD3FB /* RAReactor.h */; };
		CB09045614D7792F000CD3FB /* RAReactor.m in Sources */ = {isa = PBXBuildFile; fileRef = CB09045314D7792F000CD3FB /* RAReactor.m */; };
		CB09045714D7792F000CD3FB /* RAReactor+Protected.h in Headers */ = {isa = PBXBuildFile; fileRef = CB09045414D7792F000CD3FB /* RAReactor+Protected.h */; };
		CB15859D14D73EF30025AF65 /* RAIntReactor.h in Headers */ = {isa = PBXBuildFile; fileRef = CB15859814D73EF30025AF65 /* RAIntReactor.h */; };
		CB15859E14D73EF30025AF65 /* RAIntReactor.m in Sources */ = {isa = PBXBuildFile; fileRef = CB15859914D73EF30025AF65 /* RAIntReactor.m */; };
		CB15859F14D73EF30025AF65 /* RAIntReactor+Protected.h in Headers */ = {isa = PBXBuildFile; fileRef = CB15859A14D73EF30025AF65 /* RAIntReactor+Protected.h */; };
		CB1585A014D73EF30025AF65 /* RAIntValue.h in Headers */ = {isa = PBXBuildFile; fileRef = CB15859B14D73EF30025AF65 /* RAIntValue.h */; };
		CB1585A114D73EF30025AF65 /* RAIntValue.m in Sources */ = {isa = PBXBuildFile; fileRef = CB15859C14D73EF30025AF65 /* RAIntValue.m */; };
		CB24CBC214A004D9004BAA57 /* RADoubleSignal.h in Headers */ = {isa = PBXBuildFile; fileRef = CB24CBC014A004D9004BAA57 /* RADoubleSignal.h */; };
		CB24CBC314A004D9004BAA57 /* RADoubleSignal.m in Sources */ = {isa = PBXBuildFile; fileRef = CB24CBC114A004D9004BAA57 /* RADoubleSignal.m */; };
		CB49661D149EA11500A6603D /* RADefs.h in Headers */ = {isa = PBXBuildFile; fileRef = CB496618149EA11500A6603D /* RADefs.h */; };
		CB496627149EA6C700A6603D /* RASignalTest.m in Sources */ = {isa = PBXBuildFile; fileRef = CB496626149EA6C700A6603D /* RASignalTest.m */; };
		CB498BBC149BA7F800A20485 /* RAConnectionGroup.h in Headers */ = {isa = PBXBuildFile; fileRef = CB498BBA149BA7F800A20485 /* RAConnectionGroup.h */; };
		CB498BBD149BA7F800A20485 /* RAConnectionGroup.m in Sources */ = {isa = PBXBuildFile; fileRef = CB498BBB149BA7F800A20485 /* RAConnectionGroup.m */; };
		CB846ED4149AC77000B29795 /* RAUnitSignal.h in Headers */ = {isa = PBXBuildFile; fileRef = CB846ED2149AC77000B29795 /* RAUnitSignal.h */; };
		CB846ED5149AC77000B29795 /* RAUnitSignal.m in Sources */ = {isa = PBXBuildFile; fileRef = CB846ED3149AC77000B29795 /* RAUnitSignal.m */; };
		CB846ED9149AD47C00B29795 /* RAUnitSignalTest.m in Sources */ = {isa = PBXBuildFile; fileRef = CB846ED8149AD47C00B29795 /* RAUnitSignalTest.m */; };
		CB846EDF149AD8A800B29795 /* RAConnection.h in Headers */ = {isa = PBXBuildFile; fileRef = CB846EDD149AD8A800B29795 /* RAConnection.h */; };
		CB846EE0149AD8A800B29795 /* RAConnection.m in Sources */ = {isa = PBXBuildFile; fileRef = CB846EDE149AD8A800B29795 /* RAConnection.m */; };
		CBE1F0D514A147C900B82344 /* RAConnection+Package.h in Headers */ = {isa = PBXBuildFile; fileRef = CBE1F0D314A147C900B82344 /* RAConnection+Package.h */; };
		CBE1F0D614A147C900B82344 /* React.h in Headers */ = {isa = PBXBuildFile; fileRef = CBE1F0D414A147C900B82344 /* React.h */; };
		CBFF4A70149AA9470003AC2B /* Foundation.framework in Frameworks */ = {isa = PBXBuildFile; fileRef = CBFF4A6F149AA9470003AC2B /* Foundation.framework */; };
		CBFF4A7E149AA9470003AC2B /* SenTestingKit.framework in Frameworks */ = {isa = PBXBuildFile; fileRef = CBFF4A7D149AA9470003AC2B /* SenTestingKit.framework */; };
		CBFF4A80149AA9470003AC2B /* UIKit.framework in Frameworks */ = {isa = PBXBuildFile; fileRef = CBFF4A7F149AA9470003AC2B /* UIKit.framework */; };
		CBFF4A81149AA9470003AC2B /* Foundation.framework in Frameworks */ = {isa = PBXBuildFile; fileRef = CBFF4A6F149AA9470003AC2B /* Foundation.framework */; };
		CBFF4A84149AA9470003AC2B /* libreact.a in Frameworks */ = {isa = PBXBuildFile; fileRef = CBFF4A6C149AA9470003AC2B /* libreact.a */; };
/* End PBXBuildFile section */

/* Begin PBXContainerItemProxy section */
		CBFF4A82149AA9470003AC2B /* PBXContainerItemProxy */ = {
			isa = PBXContainerItemProxy;
			containerPortal = CBFF4A63149AA9470003AC2B /* Project object */;
			proxyType = 1;
			remoteGlobalIDString = CBFF4A6B149AA9470003AC2B;
			remoteInfo = react;
		};
/* End PBXContainerItemProxy section */

/* Begin PBXFileReference section */
		2221987A14C8D470009B764F /* RAFloatSignal.h */ = {isa = PBXFileReference; fileEncoding = 4; lastKnownFileType = sourcecode.c.h; name = RAFloatSignal.h; path = src/main/objc/RAFloatSignal.h; sourceTree = "<group>"; };
		2221987B14C8D470009B764F /* RAFloatSignal.m */ = {isa = PBXFileReference; fileEncoding = 4; lastKnownFileType = sourcecode.c.objc; name = RAFloatSignal.m; path = src/main/objc/RAFloatSignal.m; sourceTree = "<group>"; };
		2221987F14C8D504009B764F /* RAIntSignal.h */ = {isa = PBXFileReference; fileEncoding = 4; lastKnownFileType = sourcecode.c.h; name = RAIntSignal.h; path = src/main/objc/RAIntSignal.h; sourceTree = "<group>"; };
		2221988014C8D504009B764F /* RAIntSignal.m */ = {isa = PBXFileReference; fileEncoding = 4; lastKnownFileType = sourcecode.c.objc; name = RAIntSignal.m; path = src/main/objc/RAIntSignal.m; sourceTree = "<group>"; };
		2221988314C8D516009B764F /* RABoolSignal.h */ = {isa = PBXFileReference; fileEncoding = 4; lastKnownFileType = sourcecode.c.h; name = RABoolSignal.h; path = src/main/objc/RABoolSignal.h; sourceTree = "<group>"; };
		2221988414C8D516009B764F /* RABoolSignal.m */ = {isa = PBXFileReference; fileEncoding = 4; lastKnownFileType = sourcecode.c.objc; name = RABoolSignal.m; path = src/main/objc/RABoolSignal.m; sourceTree = "<group>"; };
		CB09042314D778B8000CD3FB /* RABoolReactor.h */ = {isa = PBXFileReference; fileEncoding = 4; lastKnownFileType = sourcecode.c.h; name = RABoolReactor.h; path = src/main/objc/RABoolReactor.h; sourceTree = "<group>"; };
		CB09042414D778B8000CD3FB /* RABoolReactor.m */ = {isa = PBXFileReference; fileEncoding = 4; lastKnownFileType = sourcecode.c.objc; name = RABoolReactor.m; path = src/main/objc/RABoolReactor.m; sourceTree = "<group>"; };
		CB09042514D778B8000CD3FB /* RABoolReactor+Protected.h */ = {isa = PBXFileReference; fileEncoding = 4; lastKnownFileType = sourcecode.c.h; name = "RABoolReactor+Protected.h"; path = "src/main/objc/RABoolReactor+Protected.h"; sourceTree = "<group>"; };
		CB09042614D778B8000CD3FB /* RABoolValue.h */ = {isa = PBXFileReference; fileEncoding = 4; lastKnownFileType = sourcecode.c.h; name = RABoolValue.h; path = src/main/objc/RABoolValue.h; sourceTree = "<group>"; };
		CB09042714D778B8000CD3FB /* RABoolValue.m */ = {isa = PBXFileReference; fileEncoding = 4; lastKnownFileType = sourcecode.c.objc; name = RABoolValue.m; path = src/main/objc/RABoolValue.m; sourceTree = "<group>"; };
		CB09042814D778B8000CD3FB /* RADoubleReactor.h */ = {isa = PBXFileReference; fileEncoding = 4; lastKnownFileType = sourcecode.c.h; name = RADoubleReactor.h; path = src/main/objc/RADoubleReactor.h; sourceTree = "<group>"; };
		CB09042914D778B8000CD3FB /* RADoubleReactor.m */ = {isa = PBXFileReference; fileEncoding = 4; lastKnownFileType = sourcecode.c.objc; name = RADoubleReactor.m; path = src/main/objc/RADoubleReactor.m; sourceTree = "<group>"; };
		CB09042A14D778B8000CD3FB /* RADoubleReactor+Protected.h */ = {isa = PBXFileReference; fileEncoding = 4; lastKnownFileType = sourcecode.c.h; name = "RADoubleReactor+Protected.h"; path = "src/main/objc/RADoubleReactor+Protected.h"; sourceTree = "<group>"; };
		CB09042B14D778B8000CD3FB /* RADoubleValue.h */ = {isa = PBXFileReference; fileEncoding = 4; lastKnownFileType = sourcecode.c.h; name = RADoubleValue.h; path = src/main/objc/RADoubleValue.h; sourceTree = "<group>"; };
		CB09042C14D778B8000CD3FB /* RADoubleValue.m */ = {isa = PBXFileReference; fileEncoding = 4; lastKnownFileType = sourcecode.c.objc; name = RADoubleValue.m; path = src/main/objc/RADoubleValue.m; sourceTree = "<group>"; };
		CB09042D14D778B8000CD3FB /* RAFloatReactor.h */ = {isa = PBXFileReference; fileEncoding = 4; lastKnownFileType = sourcecode.c.h; name = RAFloatReactor.h; path = src/main/objc/RAFloatReactor.h; sourceTree = "<group>"; };
		CB09042E14D778B8000CD3FB /* RAFloatReactor.m */ = {isa = PBXFileReference; fileEncoding = 4; lastKnownFileType = sourcecode.c.objc; name = RAFloatReactor.m; path = src/main/objc/RAFloatReactor.m; sourceTree = "<group>"; };
		CB09042F14D778B8000CD3FB /* RAFloatReactor+Protected.h */ = {isa = PBXFileReference; fileEncoding = 4; lastKnownFileType = sourcecode.c.h; name = "RAFloatReactor+Protected.h"; path = "src/main/objc/RAFloatReactor+Protected.h"; sourceTree = "<group>"; };
		CB09043014D778B8000CD3FB /* RAFloatValue.h */ = {isa = PBXFileReference; fileEncoding = 4; lastKnownFileType = sourcecode.c.h; name = RAFloatValue.h; path = src/main/objc/RAFloatValue.h; sourceTree = "<group>"; };
		CB09043114D778B8000CD3FB /* RAFloatValue.m */ = {isa = PBXFileReference; fileEncoding = 4; lastKnownFileType = sourcecode.c.objc; name = RAFloatValue.m; path = src/main/objc/RAFloatValue.m; sourceTree = "<group>"; };
		CB09043214D778B8000CD3FB /* RAObjectReactor.h */ = {isa = PBXFileReference; fileEncoding = 4; lastKnownFileType = sourcecode.c.h; name = RAObjectReactor.h; path = src/main/objc/RAObjectReactor.h; sourceTree = "<group>"; };
		CB09043314D778B8000CD3FB /* RAObjectReactor.m */ = {isa = PBXFileReference; fileEncoding = 4; lastKnownFileType = sourcecode.c.objc; name = RAObjectReactor.m; path = src/main/objc/RAObjectReactor.m; sourceTree = "<group>"; };
		CB09043414D778B8000CD3FB /* RAObjectReactor+Protected.h */ = {isa = PBXFileReference; fileEncoding = 4; lastKnownFileType = sourcecode.c.h; name = "RAObjectReactor+Protected.h"; path = "src/main/objc/RAObjectReactor+Protected.h"; sourceTree = "<group>"; };
		CB09043514D778B8000CD3FB /* RAObjectSignal.h */ = {isa = PBXFileReference; fileEncoding = 4; lastKnownFileType = sourcecode.c.h; name = RAObjectSignal.h; path = src/main/objc/RAObjectSignal.h; sourceTree = "<group>"; };
		CB09043614D778B8000CD3FB /* RAObjectSignal.m */ = {isa = PBXFileReference; fileEncoding = 4; lastKnownFileType = sourcecode.c.objc; name = RAObjectSignal.m; path = src/main/objc/RAObjectSignal.m; sourceTree = "<group>"; };
		CB09043714D778B8000CD3FB /* RAObjectValue.h */ = {isa = PBXFileReference; fileEncoding = 4; lastKnownFileType = sourcecode.c.h; name = RAObjectValue.h; path = src/main/objc/RAObjectValue.h; sourceTree = "<group>"; };
		CB09043814D778B8000CD3FB /* RAObjectValue.m */ = {isa = PBXFileReference; fileEncoding = 4; lastKnownFileType = sourcecode.c.objc; name = RAObjectValue.m; path = src/main/objc/RAObjectValue.m; sourceTree = "<group>"; };
		CB09043914D778B8000CD3FB /* RAValue.h */ = {isa = PBXFileReference; fileEncoding = 4; lastKnownFileType = sourcecode.c.h; name = RAValue.h; path = src/main/objc/RAValue.h; sourceTree = "<group>"; };
		CB09045214D7792F000CD3FB /* RAReactor.h */ = {isa = PBXFileReference; fileEncoding = 4; lastKnownFileType = sourcecode.c.h; name = RAReactor.h; path = src/main/objc/RAReactor.h; sourceTree = "<group>"; };
		CB09045314D7792F000CD3FB /* RAReactor.m */ = {isa = PBXFileReference; fileEncoding = 4; lastKnownFileType = sourcecode.c.objc; name = RAReactor.m; path = src/main/objc/RAReactor.m; sourceTree = "<group>"; };
		CB09045414D7792F000CD3FB /* RAReactor+Protected.h */ = {isa = PBXFileReference; fileEncoding = 4; lastKnownFileType = sourcecode.c.h; name = "RAReactor+Protected.h"; path = "src/main/objc/RAReactor+Protected.h"; sourceTree = "<group>"; };
		CB15859814D73EF30025AF65 /* RAIntReactor.h */ = {isa = PBXFileReference; fileEncoding = 4; lastKnownFileType = sourcecode.c.h; name = RAIntReactor.h; path = src/main/objc/RAIntReactor.h; sourceTree = "<group>"; };
		CB15859914D73EF30025AF65 /* RAIntReactor.m */ = {isa = PBXFileReference; fileEncoding = 4; lastKnownFileType = sourcecode.c.objc; name = RAIntReactor.m; path = src/main/objc/RAIntReactor.m; sourceTree = "<group>"; };
		CB15859A14D73EF30025AF65 /* RAIntReactor+Protected.h */ = {isa = PBXFileReference; fileEncoding = 4; lastKnownFileType = sourcecode.c.h; name = "RAIntReactor+Protected.h"; path = "src/main/objc/RAIntReactor+Protected.h"; sourceTree = "<group>"; };
		CB15859B14D73EF30025AF65 /* RAIntValue.h */ = {isa = PBXFileReference; fileEncoding = 4; lastKnownFileType = sourcecode.c.h; name = RAIntValue.h; path = src/main/objc/RAIntValue.h; sourceTree = "<group>"; };
		CB15859C14D73EF30025AF65 /* RAIntValue.m */ = {isa = PBXFileReference; fileEncoding = 4; lastKnownFileType = sourcecode.c.objc; name = RAIntValue.m; path = src/main/objc/RAIntValue.m; sourceTree = "<group>"; };
		CB24CBC014A004D9004BAA57 /* RADoubleSignal.h */ = {isa = PBXFileReference; fileEncoding = 4; lastKnownFileType = sourcecode.c.h; name = RADoubleSignal.h; path = src/main/objc/RADoubleSignal.h; sourceTree = "<group>"; };
		CB24CBC114A004D9004BAA57 /* RADoubleSignal.m */ = {isa = PBXFileReference; fileEncoding = 4; lastKnownFileType = sourcecode.c.objc; name = RADoubleSignal.m; path = src/main/objc/RADoubleSignal.m; sourceTree = "<group>"; };
		CB496618149EA11500A6603D /* RADefs.h */ = {isa = PBXFileReference; fileEncoding = 4; lastKnownFileType = sourcecode.c.h; name = RADefs.h; path = src/main/objc/RADefs.h; sourceTree = "<group>"; };
		CB496625149EA6C700A6603D /* RASignalTest.h */ = {isa = PBXFileReference; fileEncoding = 4; lastKnownFileType = sourcecode.c.h; name = RASignalTest.h; path = src/test/objc/RASignalTest.h; sourceTree = "<group>"; };
		CB496626149EA6C700A6603D /* RASignalTest.m */ = {isa = PBXFileReference; fileEncoding = 4; lastKnownFileType = sourcecode.c.objc; name = RASignalTest.m; path = src/test/objc/RASignalTest.m; sourceTree = "<group>"; };
		CB498BBA149BA7F800A20485 /* RAConnectionGroup.h */ = {isa = PBXFileReference; fileEncoding = 4; lastKnownFileType = sourcecode.c.h; name = RAConnectionGroup.h; path = src/main/objc/RAConnectionGroup.h; sourceTree = "<group>"; };
		CB498BBB149BA7F800A20485 /* RAConnectionGroup.m */ = {isa = PBXFileReference; fileEncoding = 4; lastKnownFileType = sourcecode.c.objc; name = RAConnectionGroup.m; path = src/main/objc/RAConnectionGroup.m; sourceTree = "<group>"; };
		CB846ED2149AC77000B29795 /* RAUnitSignal.h */ = {isa = PBXFileReference; fileEncoding = 4; lastKnownFileType = sourcecode.c.h; name = RAUnitSignal.h; path = src/main/objc/RAUnitSignal.h; sourceTree = "<group>"; };
		CB846ED3149AC77000B29795 /* RAUnitSignal.m */ = {isa = PBXFileReference; fileEncoding = 4; lastKnownFileType = sourcecode.c.objc; name = RAUnitSignal.m; path = src/main/objc/RAUnitSignal.m; sourceTree = "<group>"; };
		CB846ED7149AD47C00B29795 /* RAUnitSignalTest.h */ = {isa = PBXFileReference; fileEncoding = 4; lastKnownFileType = sourcecode.c.h; name = RAUnitSignalTest.h; path = src/test/objc/RAUnitSignalTest.h; sourceTree = "<group>"; };
		CB846ED8149AD47C00B29795 /* RAUnitSignalTest.m */ = {isa = PBXFileReference; fileEncoding = 4; lastKnownFileType = sourcecode.c.objc; name = RAUnitSignalTest.m; path = src/test/objc/RAUnitSignalTest.m; sourceTree = "<group>"; };
		CB846EDD149AD8A800B29795 /* RAConnection.h */ = {isa = PBXFileReference; fileEncoding = 4; lastKnownFileType = sourcecode.c.h; name = RAConnection.h; path = src/main/objc/RAConnection.h; sourceTree = "<group>"; };
		CB846EDE149AD8A800B29795 /* RAConnection.m */ = {isa = PBXFileReference; fileEncoding = 4; lastKnownFileType = sourcecode.c.objc; name = RAConnection.m; path = src/main/objc/RAConnection.m; sourceTree = "<group>"; };
		CBE1F0D314A147C900B82344 /* RAConnection+Package.h */ = {isa = PBXFileReference; fileEncoding = 4; lastKnownFileType = sourcecode.c.h; name = "RAConnection+Package.h"; path = "src/main/objc/RAConnection+Package.h"; sourceTree = "<group>"; };
		CBE1F0D414A147C900B82344 /* React.h */ = {isa = PBXFileReference; fileEncoding = 4; lastKnownFileType = sourcecode.c.h; name = React.h; path = src/main/objc/React.h; sourceTree = "<group>"; };
		CBFF4A6C149AA9470003AC2B /* libreact.a */ = {isa = PBXFileReference; explicitFileType = archive.ar; includeInIndex = 0; path = libreact.a; sourceTree = BUILT_PRODUCTS_DIR; };
		CBFF4A6F149AA9470003AC2B /* Foundation.framework */ = {isa = PBXFileReference; lastKnownFileType = wrapper.framework; name = Foundation.framework; path = System/Library/Frameworks/Foundation.framework; sourceTree = SDKROOT; };
		CBFF4A7C149AA9470003AC2B /* reactTests.octest */ = {isa = PBXFileReference; explicitFileType = wrapper.cfbundle; includeInIndex = 0; path = reactTests.octest; sourceTree = BUILT_PRODUCTS_DIR; };
		CBFF4A7D149AA9470003AC2B /* SenTestingKit.framework */ = {isa = PBXFileReference; lastKnownFileType = wrapper.framework; name = SenTestingKit.framework; path = Library/Frameworks/SenTestingKit.framework; sourceTree = DEVELOPER_DIR; };
		CBFF4A7F149AA9470003AC2B /* UIKit.framework */ = {isa = PBXFileReference; lastKnownFileType = wrapper.framework; name = UIKit.framework; path = Library/Frameworks/UIKit.framework; sourceTree = DEVELOPER_DIR; };
/* End PBXFileReference section */

/* Begin PBXFrameworksBuildPhase section */
		CBFF4A69149AA9470003AC2B /* Frameworks */ = {
			isa = PBXFrameworksBuildPhase;
			buildActionMask = 2147483647;
			files = (
				CBFF4A70149AA9470003AC2B /* Foundation.framework in Frameworks */,
			);
			runOnlyForDeploymentPostprocessing = 0;
		};
		CBFF4A78149AA9470003AC2B /* Frameworks */ = {
			isa = PBXFrameworksBuildPhase;
			buildActionMask = 2147483647;
			files = (
				CBFF4A7E149AA9470003AC2B /* SenTestingKit.framework in Frameworks */,
				CBFF4A80149AA9470003AC2B /* UIKit.framework in Frameworks */,
				CBFF4A81149AA9470003AC2B /* Foundation.framework in Frameworks */,
				CBFF4A84149AA9470003AC2B /* libreact.a in Frameworks */,
			);
			runOnlyForDeploymentPostprocessing = 0;
		};
/* End PBXFrameworksBuildPhase section */

/* Begin PBXGroup section */
		CBD0F7C1149AA9B000427388 /* Classes */ = {
			isa = PBXGroup;
			children = (
				CB09042514D778B8000CD3FB /* RABoolReactor+Protected.h */,
				CB09042314D778B8000CD3FB /* RABoolReactor.h */,
				CB09042414D778B8000CD3FB /* RABoolReactor.m */,
				2221988314C8D516009B764F /* RABoolSignal.h */,
				2221988414C8D516009B764F /* RABoolSignal.m */,
				CB09042614D778B8000CD3FB /* RABoolValue.h */,
				CB09042714D778B8000CD3FB /* RABoolValue.m */,
				CBE1F0D314A147C900B82344 /* RAConnection+Package.h */,
				CB846EDD149AD8A800B29795 /* RAConnection.h */,
				CB846EDE149AD8A800B29795 /* RAConnection.m */,
				CB498BBA149BA7F800A20485 /* RAConnectionGroup.h */,
				CB498BBB149BA7F800A20485 /* RAConnectionGroup.m */,
				CB496618149EA11500A6603D /* RADefs.h */,
				CB09042A14D778B8000CD3FB /* RADoubleReactor+Protected.h */,
				CB09042814D778B8000CD3FB /* RADoubleReactor.h */,
				CB09042914D778B8000CD3FB /* RADoubleReactor.m */,
				CB24CBC014A004D9004BAA57 /* RADoubleSignal.h */,
				CB24CBC114A004D9004BAA57 /* RADoubleSignal.m */,
				CB09042B14D778B8000CD3FB /* RADoubleValue.h */,
				CB09042C14D778B8000CD3FB /* RADoubleValue.m */,
				CB09042F14D778B8000CD3FB /* RAFloatReactor+Protected.h */,
				CB09042D14D778B8000CD3FB /* RAFloatReactor.h */,
				CB09042E14D778B8000CD3FB /* RAFloatReactor.m */,
				2221987A14C8D470009B764F /* RAFloatSignal.h */,
				2221987B14C8D470009B764F /* RAFloatSignal.m */,
				CB09043014D778B8000CD3FB /* RAFloatValue.h */,
				CB09043114D778B8000CD3FB /* RAFloatValue.m */,
				CB15859A14D73EF30025AF65 /* RAIntReactor+Protected.h */,
				CB15859814D73EF30025AF65 /* RAIntReactor.h */,
				CB15859914D73EF30025AF65 /* RAIntReactor.m */,
				2221987F14C8D504009B764F /* RAIntSignal.h */,
				2221988014C8D504009B764F /* RAIntSignal.m */,
				CB15859B14D73EF30025AF65 /* RAIntValue.h */,
				CB15859C14D73EF30025AF65 /* RAIntValue.m */,
				CB09043414D778B8000CD3FB /* RAObjectReactor+Protected.h */,
				CB09043214D778B8000CD3FB /* RAObjectReactor.h */,
				CB09043314D778B8000CD3FB /* RAObjectReactor.m */,
				CB09043514D778B8000CD3FB /* RAObjectSignal.h */,
				CB09043614D778B8000CD3FB /* RAObjectSignal.m */,
				CB09043714D778B8000CD3FB /* RAObjectValue.h */,
				CB09043814D778B8000CD3FB /* RAObjectValue.m */,
				CB09045414D7792F000CD3FB /* RAReactor+Protected.h */,
				CB09045214D7792F000CD3FB /* RAReactor.h */,
				CB09045314D7792F000CD3FB /* RAReactor.m */,
				CB846ED2149AC77000B29795 /* RAUnitSignal.h */,
				CB846ED3149AC77000B29795 /* RAUnitSignal.m */,
				CB09043914D778B8000CD3FB /* RAValue.h */,
				CBE1F0D414A147C900B82344 /* React.h */,
			);
			name = Classes;
			sourceTree = "<group>";
		};
		CBD0F7C2149AA9B600427388 /* Tests */ = {
			isa = PBXGroup;
			children = (
				CB496625149EA6C700A6603D /* RASignalTest.h */,
				CB496626149EA6C700A6603D /* RASignalTest.m */,
				CB846ED7149AD47C00B29795 /* RAUnitSignalTest.h */,
				CB846ED8149AD47C00B29795 /* RAUnitSignalTest.m */,
			);
			name = Tests;
			sourceTree = "<group>";
		};
		CBFF4A61149AA9470003AC2B = {
			isa = PBXGroup;
			children = (
				CBD0F7C1149AA9B000427388 /* Classes */,
				CBD0F7C2149AA9B600427388 /* Tests */,
				CBFF4A6E149AA9470003AC2B /* Frameworks */,
				CBFF4A6D149AA9470003AC2B /* Products */,
			);
			sourceTree = "<group>";
		};
		CBFF4A6D149AA9470003AC2B /* Products */ = {
			isa = PBXGroup;
			children = (
				CBFF4A6C149AA9470003AC2B /* libreact.a */,
				CBFF4A7C149AA9470003AC2B /* reactTests.octest */,
			);
			name = Products;
			sourceTree = "<group>";
		};
		CBFF4A6E149AA9470003AC2B /* Frameworks */ = {
			isa = PBXGroup;
			children = (
				CBFF4A6F149AA9470003AC2B /* Foundation.framework */,
				CBFF4A7D149AA9470003AC2B /* SenTestingKit.framework */,
				CBFF4A7F149AA9470003AC2B /* UIKit.framework */,
			);
			name = Frameworks;
			sourceTree = "<group>";
		};
/* End PBXGroup section */

/* Begin PBXHeadersBuildPhase section */
		CBFF4A6A149AA9470003AC2B /* Headers */ = {
			isa = PBXHeadersBuildPhase;
			buildActionMask = 2147483647;
			files = (
				CB846ED4149AC77000B29795 /* RAUnitSignal.h in Headers */,
				CB846EDF149AD8A800B29795 /* RAConnection.h in Headers */,
				CB498BBC149BA7F800A20485 /* RAConnectionGroup.h in Headers */,
				CB49661D149EA11500A6603D /* RADefs.h in Headers */,
				CB24CBC214A004D9004BAA57 /* RADoubleSignal.h in Headers */,
				CBE1F0D514A147C900B82344 /* RAConnection+Package.h in Headers */,
				CBE1F0D614A147C900B82344 /* React.h in Headers */,
				2221987C14C8D470009B764F /* RAFloatSignal.h in Headers */,
				2221988114C8D504009B764F /* RAIntSignal.h in Headers */,
				2221988514C8D516009B764F /* RABoolSignal.h in Headers */,
				CB15859D14D73EF30025AF65 /* RAIntReactor.h in Headers */,
				CB15859F14D73EF30025AF65 /* RAIntReactor+Protected.h in Headers */,
				CB1585A014D73EF30025AF65 /* RAIntValue.h in Headers */,
				CB09043A14D778B8000CD3FB /* RABoolReactor.h in Headers */,
				CB09043C14D778B8000CD3FB /* RABoolReactor+Protected.h in Headers */,
				CB09043D14D778B8000CD3FB /* RABoolValue.h in Headers */,
				CB09043F14D778B8000CD3FB /* RADoubleReactor.h in Headers */,
				CB09044114D778B8000CD3FB /* RADoubleReactor+Protected.h in Headers */,
				CB09044214D778B8000CD3FB /* RADoubleValue.h in Headers */,
				CB09044414D778B8000CD3FB /* RAFloatReactor.h in Headers */,
				CB09044614D778B8000CD3FB /* RAFloatReactor+Protected.h in Headers */,
				CB09044714D778B8000CD3FB /* RAFloatValue.h in Headers */,
				CB09044914D778B8000CD3FB /* RAObjectReactor.h in Headers */,
				CB09044B14D778B8000CD3FB /* RAObjectReactor+Protected.h in Headers */,
				CB09044C14D778B8000CD3FB /* RAObjectSignal.h in Headers */,
				CB09044E14D778B8000CD3FB /* RAObjectValue.h in Headers */,
				CB09045014D778B8000CD3FB /* RAValue.h in Headers */,
				CB09045514D7792F000CD3FB /* RAReactor.h in Headers */,
				CB09045714D7792F000CD3FB /* RAReactor+Protected.h in Headers */,
			);
			runOnlyForDeploymentPostprocessing = 0;
		};
/* End PBXHeadersBuildPhase section */

/* Begin PBXNativeTarget section */
		CBFF4A6B149AA9470003AC2B /* react */ = {
			isa = PBXNativeTarget;
			buildConfigurationList = CBFF4A90149AA9470003AC2B /* Build configuration list for PBXNativeTarget "react" */;
			buildPhases = (
				CBFF4A68149AA9470003AC2B /* Sources */,
				CBFF4A69149AA9470003AC2B /* Frameworks */,
				CBFF4A6A149AA9470003AC2B /* Headers */,
			);
			buildRules = (
			);
			dependencies = (
			);
			name = react;
			productName = react;
			productReference = CBFF4A6C149AA9470003AC2B /* libreact.a */;
			productType = "com.apple.product-type.library.static";
		};
		CBFF4A7B149AA9470003AC2B /* reactTests */ = {
			isa = PBXNativeTarget;
			buildConfigurationList = CBFF4A93149AA9470003AC2B /* Build configuration list for PBXNativeTarget "reactTests" */;
			buildPhases = (
				CBFF4A77149AA9470003AC2B /* Sources */,
				CBFF4A78149AA9470003AC2B /* Frameworks */,
				CBFF4A79149AA9470003AC2B /* Resources */,
				CBFF4A7A149AA9470003AC2B /* ShellScript */,
			);
			buildRules = (
			);
			dependencies = (
				CBFF4A83149AA9470003AC2B /* PBXTargetDependency */,
			);
			name = reactTests;
			productName = reactTests;
			productReference = CBFF4A7C149AA9470003AC2B /* reactTests.octest */;
			productType = "com.apple.product-type.bundle";
		};
/* End PBXNativeTarget section */

/* Begin PBXProject section */
		CBFF4A63149AA9470003AC2B /* Project object */ = {
			isa = PBXProject;
			attributes = {
				LastUpgradeCheck = 0420;
				ORGANIZATIONNAME = "Three Rings Design";
			};
			buildConfigurationList = CBFF4A66149AA9470003AC2B /* Build configuration list for PBXProject "react" */;
			compatibilityVersion = "Xcode 3.2";
			developmentRegion = English;
			hasScannedForEncodings = 0;
			knownRegions = (
				en,
			);
			mainGroup = CBFF4A61149AA9470003AC2B;
			productRefGroup = CBFF4A6D149AA9470003AC2B /* Products */;
			projectDirPath = "";
			projectRoot = "";
			targets = (
				CBFF4A6B149AA9470003AC2B /* react */,
				CBFF4A7B149AA9470003AC2B /* reactTests */,
			);
		};
/* End PBXProject section */

/* Begin PBXResourcesBuildPhase section */
		CBFF4A79149AA9470003AC2B /* Resources */ = {
			isa = PBXResourcesBuildPhase;
			buildActionMask = 2147483647;
			files = (
			);
			runOnlyForDeploymentPostprocessing = 0;
		};
/* End PBXResourcesBuildPhase section */

/* Begin PBXShellScriptBuildPhase section */
		CBFF4A7A149AA9470003AC2B /* ShellScript */ = {
			isa = PBXShellScriptBuildPhase;
			buildActionMask = 2147483647;
			files = (
			);
			inputPaths = (
			);
			outputPaths = (
			);
			runOnlyForDeploymentPostprocessing = 0;
			shellPath = /bin/sh;
			shellScript = "# Run the unit tests in this test bundle.\n\"${SYSTEM_DEVELOPER_DIR}/Tools/RunUnitTests\"\n";
		};
/* End PBXShellScriptBuildPhase section */

/* Begin PBXSourcesBuildPhase section */
		CBFF4A68149AA9470003AC2B /* Sources */ = {
			isa = PBXSourcesBuildPhase;
			buildActionMask = 2147483647;
			files = (
				CB846ED5149AC77000B29795 /* RAUnitSignal.m in Sources */,
				CB846EE0149AD8A800B29795 /* RAConnection.m in Sources */,
				CB498BBD149BA7F800A20485 /* RAConnectionGroup.m in Sources */,
				CB24CBC314A004D9004BAA57 /* RADoubleSignal.m in Sources */,
				2221987D14C8D470009B764F /* RAFloatSignal.m in Sources */,
				2221988214C8D504009B764F /* RAIntSignal.m in Sources */,
				2221988614C8D516009B764F /* RABoolSignal.m in Sources */,
				CB15859E14D73EF30025AF65 /* RAIntReactor.m in Sources */,
				CB1585A114D73EF30025AF65 /* RAIntValue.m in Sources */,
				CB09043B14D778B8000CD3FB /* RABoolReactor.m in Sources */,
				CB09043E14D778B8000CD3FB /* RABoolValue.m in Sources */,
				CB09044014D778B8000CD3FB /* RADoubleReactor.m in Sources */,
				CB09044314D778B8000CD3FB /* RADoubleValue.m in Sources */,
				CB09044514D778B8000CD3FB /* RAFloatReactor.m in Sources */,
				CB09044814D778B8000CD3FB /* RAFloatValue.m in Sources */,
				CB09044A14D778B8000CD3FB /* RAObjectReactor.m in Sources */,
				CB09044D14D778B8000CD3FB /* RAObjectSignal.m in Sources */,
				CB09044F14D778B8000CD3FB /* RAObjectValue.m in Sources */,
				CB09045614D7792F000CD3FB /* RAReactor.m in Sources */,
			);
			runOnlyForDeploymentPostprocessing = 0;
		};
		CBFF4A77149AA9470003AC2B /* Sources */ = {
			isa = PBXSourcesBuildPhase;
			buildActionMask = 2147483647;
			files = (
				CB846ED9149AD47C00B29795 /* RAUnitSignalTest.m in Sources */,
				CB496627149EA6C700A6603D /* RASignalTest.m in Sources */,
			);
			runOnlyForDeploymentPostprocessing = 0;
		};
/* End PBXSourcesBuildPhase section */

/* Begin PBXTargetDependency section */
		CBFF4A83149AA9470003AC2B /* PBXTargetDependency */ = {
			isa = PBXTargetDependency;
			target = CBFF4A6B149AA9470003AC2B /* react */;
			targetProxy = CBFF4A82149AA9470003AC2B /* PBXContainerItemProxy */;
		};
/* End PBXTargetDependency section */

/* Begin XCBuildConfiguration section */
		CBFF4A8E149AA9470003AC2B /* Debug */ = {
			isa = XCBuildConfiguration;
			buildSettings = {
				ALWAYS_SEARCH_USER_PATHS = NO;
				ARCHS = "$(ARCHS_STANDARD_32_BIT)";
				CLANG_ENABLE_OBJC_ARC = YES;
				COPY_PHASE_STRIP = NO;
				GCC_C_LANGUAGE_STANDARD = gnu99;
				GCC_DYNAMIC_NO_PIC = NO;
				GCC_OPTIMIZATION_LEVEL = 0;
				GCC_PREPROCESSOR_DEFINITIONS = (
					"DEBUG=1",
					"$(inherited)",
				);
				GCC_SYMBOLS_PRIVATE_EXTERN = NO;
				GCC_VERSION = com.apple.compilers.llvm.clang.1_0;
				GCC_WARN_ABOUT_MISSING_PROTOTYPES = YES;
				GCC_WARN_ABOUT_RETURN_TYPE = YES;
				GCC_WARN_UNUSED_VARIABLE = YES;
				IPHONEOS_DEPLOYMENT_TARGET = 5.0;
				SDKROOT = iphoneos;
			};
			name = Debug;
		};
		CBFF4A8F149AA9470003AC2B /* Release */ = {
			isa = XCBuildConfiguration;
			buildSettings = {
				ALWAYS_SEARCH_USER_PATHS = NO;
				ARCHS = "$(ARCHS_STANDARD_32_BIT)";
				CLANG_ENABLE_OBJC_ARC = YES;
				COPY_PHASE_STRIP = YES;
				GCC_C_LANGUAGE_STANDARD = gnu99;
				GCC_VERSION = com.apple.compilers.llvm.clang.1_0;
				GCC_WARN_ABOUT_MISSING_PROTOTYPES = YES;
				GCC_WARN_ABOUT_RETURN_TYPE = YES;
				GCC_WARN_UNUSED_VARIABLE = YES;
				IPHONEOS_DEPLOYMENT_TARGET = 5.0;
				SDKROOT = iphoneos;
				VALIDATE_PRODUCT = YES;
			};
			name = Release;
		};
		CBFF4A91149AA9470003AC2B /* Debug */ = {
			isa = XCBuildConfiguration;
			buildSettings = {
				DSTROOT = /tmp/react.dst;
				OTHER_LDFLAGS = "-ObjC";
				PRODUCT_NAME = "$(TARGET_NAME)";
				SKIP_INSTALL = YES;
			};
			name = Debug;
		};
		CBFF4A92149AA9470003AC2B /* Release */ = {
			isa = XCBuildConfiguration;
			buildSettings = {
				DSTROOT = /tmp/react.dst;
				OTHER_LDFLAGS = "-ObjC";
				PRODUCT_NAME = "$(TARGET_NAME)";
				SKIP_INSTALL = YES;
			};
			name = Release;
		};
		CBFF4A94149AA9470003AC2B /* Debug */ = {
			isa = XCBuildConfiguration;
			buildSettings = {
				FRAMEWORK_SEARCH_PATHS = (
					"$(SDKROOT)/Developer/Library/Frameworks",
					"$(DEVELOPER_LIBRARY_DIR)/Frameworks",
				);
				INFOPLIST_FILE = "src/test/objc/reactTests-Info.plist";
				PRODUCT_NAME = "$(TARGET_NAME)";
				WRAPPER_EXTENSION = octest;
			};
			name = Debug;
		};
		CBFF4A95149AA9470003AC2B /* Release */ = {
			isa = XCBuildConfiguration;
			buildSettings = {
				FRAMEWORK_SEARCH_PATHS = (
					"$(SDKROOT)/Developer/Library/Frameworks",
					"$(DEVELOPER_LIBRARY_DIR)/Frameworks",
				);
				INFOPLIST_FILE = "src/test/objc/reactTests-Info.plist";
				PRODUCT_NAME = "$(TARGET_NAME)";
				WRAPPER_EXTENSION = octest;
			};
			name = Release;
		};
/* End XCBuildConfiguration section */

/* Begin XCConfigurationList section */
		CBFF4A66149AA9470003AC2B /* Build configuration list for PBXProject "react" */ = {
			isa = XCConfigurationList;
			buildConfigurations = (
				CBFF4A8E149AA9470003AC2B /* Debug */,
				CBFF4A8F149AA9470003AC2B /* Release */,
			);
			defaultConfigurationIsVisible = 0;
			defaultConfigurationName = Release;
		};
		CBFF4A90149AA9470003AC2B /* Build configuration list for PBXNativeTarget "react" */ = {
			isa = XCConfigurationList;
			buildConfigurations = (
				CBFF4A91149AA9470003AC2B /* Debug */,
				CBFF4A92149AA9470003AC2B /* Release */,
			);
			defaultConfigurationIsVisible = 0;
			defaultConfigurationName = Release;
		};
		CBFF4A93149AA9470003AC2B /* Build configuration list for PBXNativeTarget "reactTests" */ = {
			isa = XCConfigurationList;
			buildConfigurations = (
				CBFF4A94149AA9470003AC2B /* Debug */,
				CBFF4A95149AA9470003AC2B /* Release */,
			);
			defaultConfigurationIsVisible = 0;
			defaultConfigurationName = Release;
		};
/* End XCConfigurationList section */
	};
	rootObject = CBFF4A63149AA9470003AC2B /* Project object */;
}
